{
  "name": "explorer",
  "version": "1.7.1",
  "lockfileVersion": 1,
  "requires": true,
  "dependencies": {
    "chaincoin-node-api": {
      "version": "1.0.5",
      "resolved": "https://registry.npmjs.org/chaincoin-node-api/-/chaincoin-node-api-1.0.5.tgz",
      "requires": {
        "express": "4.16.3"
      },
      "dependencies": {
        "express": {
          "version": "4.16.3",
          "resolved": "http://registry.npmjs.org/express/-/express-4.16.3.tgz"
        }
      }
    }
  }
}
